{
  "version": 4,
  "terraform_version": "1.4.4",
  "serial": 7,
  "lineage": "a99dadf7-4f43-86b4-e2f7-911150e932ac",
  "outputs": {},
  "resources": [
    {
      "mode": "managed",
      "type": "azurerm_resource_group",
      "name": "aks-rg",
      "provider": "provider[\"registry.terraform.io/hashicorp/azurerm\"]",
      "instances": [
        {
          "schema_version": 0,
          "attributes": {
            "id": "/subscriptions/1a0f66c6-5595-47cf-8880-257b6480b9be/resourceGroups/aksRG",
            "location": "westeurope",
            "name": "aksRG",
            "tags": {
              "Environment": "Dev",
              "Owner": "saif.almaliki@pwc.com"
            },
            "timeouts": null
          },
          "sensitive_attributes": [],
          "private": "eyJlMmJmYjczMC1lY2FhLTExZTYtOGY4OC0zNDM2M2JjN2M0YzAiOnsiY3JlYXRlIjo1NDAwMDAwMDAwMDAwLCJkZWxldGUiOjU0MDAwMDAwMDAwMDAsInJlYWQiOjMwMDAwMDAwMDAwMCwidXBkYXRlIjo1NDAwMDAwMDAwMDAwfX0="
        }
      ]
    }
  ],
  "check_results": null
}
